
Microsoft Visual Studio Solution File, Format Version 12.00
# Visual Studio 15
VisualStudioVersion = 15.0.27703.2000
MinimumVisualStudioVersion = 10.0.40219.1
Project("{FAE04EC0-301F-11D3-BF4B-00C04F79EFBC}") = "CrossApp.Android", "CrossApp\CrossApp.Android\CrossApp.Android.csproj", "{DA86B2D7-95FB-48C3-90C7-0A1B91906F23}"
EndProject
Project("{FAE04EC0-301F-11D3-BF4B-00C04F79EFBC}") = "CrossApp.iOS", "CrossApp\CrossApp.iOS\CrossApp.iOS.csproj", "{76EF2CB5-026D-4E4D-AEBB-CF3A11F9EE47}"
EndProject
Project("{FAE04EC0-301F-11D3-BF4B-00C04F79EFBC}") = "CrossApp", "CrossApp\CrossApp\CrossApp.csproj", "{A9B5B159-91FB-40A9-B055-7A834C3FC25B}"
EndProject
Project("{FAE04EC0-301F-11D3-BF4B-00C04F79EFBC}") = "Model", "Model\Model.csproj", "{A50E0573-BB70-464B-A7D2-83F8EFD44430}"
EndProject
Global
	GlobalSection(SolutionConfigurationPlatforms) = preSolution
		Ad-Hoc|Any CPU = Ad-Hoc|Any CPU
		Ad-Hoc|iPhone = Ad-Hoc|iPhone
		Ad-Hoc|iPhoneSimulator = Ad-Hoc|iPhoneSimulator
		AppStore|Any CPU = AppStore|Any CPU
		AppStore|iPhone = AppStore|iPhone
		AppStore|iPhoneSimulator = AppStore|iPhoneSimulator
		Debug|Any CPU = Debug|Any CPU
		Debug|iPhone = Debug|iPhone
		Debug|iPhoneSimulator = Debug|iPhoneSimulator
		Release|Any CPU = Release|Any CPU
		Release|iPhone = Release|iPhone
		Release|iPhoneSimulator = Release|iPhoneSimulator
	EndGlobalSection
	GlobalSection(ProjectConfigurationPlatforms) = postSolution
		{DA86B2D7-95FB-48C3-90C7-0A1B91906F23}.Ad-Hoc|Any CPU.ActiveCfg = Release|Any CPU
		{DA86B2D7-95FB-48C3-90C7-0A1B91906F23}.Ad-Hoc|Any CPU.Build.0 = Release|Any CPU
		{DA86B2D7-95FB-48C3-90C7-0A1B91906F23}.Ad-Hoc|Any CPU.Deploy.0 = Release|Any CPU
		{DA86B2D7-95FB-48C3-90C7-0A1B91906F23}.Ad-Hoc|iPhone.ActiveCfg = Release|Any CPU
		{DA86B2D7-95FB-48C3-90C7-0A1B91906F23}.Ad-Hoc|iPhone.Build.0 = Release|Any CPU
		{DA86B2D7-95FB-48C3-90C7-0A1B91906F23}.Ad-Hoc|iPhone.Deploy.0 = Release|Any CPU
		{DA86B2D7-95FB-48C3-90C7-0A1B91906F23}.Ad-Hoc|iPhoneSimulator.ActiveCfg = Release|Any CPU
		{DA86B2D7-95FB-48C3-90C7-0A1B91906F23}.Ad-Hoc|iPhoneSimulator.Build.0 = Release|Any CPU
		{DA86B2D7-95FB-48C3-90C7-0A1B91906F23}.Ad-Hoc|iPhoneSimulator.Deploy.0 = Release|Any CPU
		{DA86B2D7-95FB-48C3-90C7-0A1B91906F23}.AppStore|Any CPU.ActiveCfg = Release|Any CPU
		{DA86B2D7-95FB-48C3-90C7-0A1B91906F23}.AppStore|Any CPU.Build.0 = Release|Any CPU
		{DA86B2D7-95FB-48C3-90C7-0A1B91906F23}.AppStore|Any CPU.Deploy.0 = Release|Any CPU
		{DA86B2D7-95FB-48C3-90C7-0A1B91906F23}.AppStore|iPhone.ActiveCfg = Release|Any CPU
		{DA86B2D7-95FB-48C3-90C7-0A1B91906F23}.AppStore|iPhone.Build.0 = Release|Any CPU
		{DA86B2D7-95FB-48C3-90C7-0A1B91906F23}.AppStore|iPhone.Deploy.0 = Release|Any CPU
		{DA86B2D7-95FB-48C3-90C7-0A1B91906F23}.AppStore|iPhoneSimulator.ActiveCfg = Release|Any CPU
		{DA86B2D7-95FB-48C3-90C7-0A1B91906F23}.AppStore|iPhoneSimulator.Build.0 = Release|Any CPU
		{DA86B2D7-95FB-48C3-90C7-0A1B91906F23}.AppStore|iPhoneSimulator.Deploy.0 = Release|Any CPU
		{DA86B2D7-95FB-48C3-90C7-0A1B91906F23}.Debug|Any CPU.ActiveCfg = Debug|Any CPU
		{DA86B2D7-95FB-48C3-90C7-0A1B91906F23}.Debug|Any CPU.Build.0 = Debug|Any CPU
		{DA86B2D7-95FB-48C3-90C7-0A1B91906F23}.Debug|Any CPU.Deploy.0 = Debug|Any CPU
		{DA86B2D7-95FB-48C3-90C7-0A1B91906F23}.Debug|iPhone.ActiveCfg = Debug|Any CPU
		{DA86B2D7-95FB-48C3-90C7-0A1B91906F23}.Debug|iPhone.Build.0 = Debug|Any CPU
		{DA86B2D7-95FB-48C3-90C7-0A1B91906F23}.Debug|iPhone.Deploy.0 = Debug|Any CPU
		{DA86B2D7-95FB-48C3-90C7-0A1B91906F23}.Debug|iPhoneSimulator.ActiveCfg = Debug|Any CPU
		{DA86B2D7-95FB-48C3-90C7-0A1B91906F23}.Debug|iPhoneSimulator.Build.0 = Debug|Any CPU
		{DA86B2D7-95FB-48C3-90C7-0A1B91906F23}.Debug|iPhoneSimulator.Deploy.0 = Debug|Any CPU
		{DA86B2D7-95FB-48C3-90C7-0A1B91906F23}.Release|Any CPU.ActiveCfg = Release|Any CPU
		{DA86B2D7-95FB-48C3-90C7-0A1B91906F23}.Release|Any CPU.Build.0 = Release|Any CPU
		{DA86B2D7-95FB-48C3-90C7-0A1B91906F23}.Release|Any CPU.Deploy.0 = Release|Any CPU
		{DA86B2D7-95FB-48C3-90C7-0A1B91906F23}.Release|iPhone.ActiveCfg = Release|Any CPU
		{DA86B2D7-95FB-48C3-90C7-0A1B91906F23}.Release|iPhone.Build.0 = Release|Any CPU
		{DA86B2D7-95FB-48C3-90C7-0A1B91906F23}.Release|iPhone.Deploy.0 = Release|Any CPU
		{DA86B2D7-95FB-48C3-90C7-0A1B91906F23}.Release|iPhoneSimulator.ActiveCfg = Release|Any CPU
		{DA86B2D7-95FB-48C3-90C7-0A1B91906F23}.Release|iPhoneSimulator.Build.0 = Release|Any CPU
		{DA86B2D7-95FB-48C3-90C7-0A1B91906F23}.Release|iPhoneSimulator.Deploy.0 = Release|Any CPU
		{76EF2CB5-026D-4E4D-AEBB-CF3A11F9EE47}.Ad-Hoc|Any CPU.ActiveCfg = Ad-Hoc|iPhone
		{76EF2CB5-026D-4E4D-AEBB-CF3A11F9EE47}.Ad-Hoc|Any CPU.Build.0 = Ad-Hoc|iPhone
		{76EF2CB5-026D-4E4D-AEBB-CF3A11F9EE47}.Ad-Hoc|Any CPU.Deploy.0 = Ad-Hoc|iPhone
		{76EF2CB5-026D-4E4D-AEBB-CF3A11F9EE47}.Ad-Hoc|iPhone.ActiveCfg = Ad-Hoc|iPhone
		{76EF2CB5-026D-4E4D-AEBB-CF3A11F9EE47}.Ad-Hoc|iPhone.Build.0 = Ad-Hoc|iPhone
		{76EF2CB5-026D-4E4D-AEBB-CF3A11F9EE47}.Ad-Hoc|iPhone.Deploy.0 = Ad-Hoc|iPhone
		{76EF2CB5-026D-4E4D-AEBB-CF3A11F9EE47}.Ad-Hoc|iPhoneSimulator.ActiveCfg = Ad-Hoc|iPhoneSimulator
		{76EF2CB5-026D-4E4D-AEBB-CF3A11F9EE47}.Ad-Hoc|iPhoneSimulator.Build.0 = Ad-Hoc|iPhoneSimulator
		{76EF2CB5-026D-4E4D-AEBB-CF3A11F9EE47}.Ad-Hoc|iPhoneSimulator.Deploy.0 = Ad-Hoc|iPhoneSimulator
		{76EF2CB5-026D-4E4D-AEBB-CF3A11F9EE47}.AppStore|Any CPU.ActiveCfg = AppStore|iPhone
		{76EF2CB5-026D-4E4D-AEBB-CF3A11F9EE47}.AppStore|Any CPU.Build.0 = AppStore|iPhone
		{76EF2CB5-026D-4E4D-AEBB-CF3A11F9EE47}.AppStore|Any CPU.Deploy.0 = AppStore|iPhone
		{76EF2CB5-026D-4E4D-AEBB-CF3A11F9EE47}.AppStore|iPhone.ActiveCfg = AppStore|iPhone
		{76EF2CB5-026D-4E4D-AEBB-CF3A11F9EE47}.AppStore|iPhone.Build.0 = AppStore|iPhone
		{76EF2CB5-026D-4E4D-AEBB-CF3A11F9EE47}.AppStore|iPhone.Deploy.0 = AppStore|iPhone
		{76EF2CB5-026D-4E4D-AEBB-CF3A11F9EE47}.AppStore|iPhoneSimulator.ActiveCfg = AppStore|iPhoneSimulator
		{76EF2CB5-026D-4E4D-AEBB-CF3A11F9EE47}.AppStore|iPhoneSimulator.Build.0 = AppStore|iPhoneSimulator
		{76EF2CB5-026D-4E4D-AEBB-CF3A11F9EE47}.AppStore|iPhoneSimulator.Deploy.0 = AppStore|iPhoneSimulator
		{76EF2CB5-026D-4E4D-AEBB-CF3A11F9EE47}.Debug|Any CPU.ActiveCfg = Debug|iPhoneSimulator
		{76EF2CB5-026D-4E4D-AEBB-CF3A11F9EE47}.Debug|Any CPU.Build.0 = Debug|iPhoneSimulator
		{76EF2CB5-026D-4E4D-AEBB-CF3A11F9EE47}.Debug|Any CPU.Deploy.0 = Debug|iPhoneSimulator
		{76EF2CB5-026D-4E4D-AEBB-CF3A11F9EE47}.Debug|iPhone.ActiveCfg = Debug|iPhone
		{76EF2CB5-026D-4E4D-AEBB-CF3A11F9EE47}.Debug|iPhone.Build.0 = Debug|iPhone
		{76EF2CB5-026D-4E4D-AEBB-CF3A11F9EE47}.Debug|iPhone.Deploy.0 = Debug|iPhone
		{76EF2CB5-026D-4E4D-AEBB-CF3A11F9EE47}.Debug|iPhoneSimulator.ActiveCfg = Debug|iPhoneSimulator
		{76EF2CB5-026D-4E4D-AEBB-CF3A11F9EE47}.Debug|iPhoneSimulator.Build.0 = Debug|iPhoneSimulator
		{76EF2CB5-026D-4E4D-AEBB-CF3A11F9EE47}.Debug|iPhoneSimulator.Deploy.0 = Debug|iPhoneSimulator
		{76EF2CB5-026D-4E4D-AEBB-CF3A11F9EE47}.Release|Any CPU.ActiveCfg = Release|iPhone
		{76EF2CB5-026D-4E4D-AEBB-CF3A11F9EE47}.Release|Any CPU.Build.0 = Release|iPhone
		{76EF2CB5-026D-4E4D-AEBB-CF3A11F9EE47}.Release|Any CPU.Deploy.0 = Release|iPhone
		{76EF2CB5-026D-4E4D-AEBB-CF3A11F9EE47}.Release|iPhone.ActiveCfg = Release|iPhone
		{76EF2CB5-026D-4E4D-AEBB-CF3A11F9EE47}.Release|iPhone.Build.0 = Release|iPhone
		{76EF2CB5-026D-4E4D-AEBB-CF3A11F9EE47}.Release|iPhone.Deploy.0 = Release|iPhone
		{76EF2CB5-026D-4E4D-AEBB-CF3A11F9EE47}.Release|iPhoneSimulator.ActiveCfg = Release|iPhoneSimulator
		{76EF2CB5-026D-4E4D-AEBB-CF3A11F9EE47}.Release|iPhoneSimulator.Build.0 = Release|iPhoneSimulator
		{76EF2CB5-026D-4E4D-AEBB-CF3A11F9EE47}.Release|iPhoneSimulator.Deploy.0 = Release|iPhoneSimulator
		{A9B5B159-91FB-40A9-B055-7A834C3FC25B}.Ad-Hoc|Any CPU.ActiveCfg = Debug|Any CPU
		{A9B5B159-91FB-40A9-B055-7A834C3FC25B}.Ad-Hoc|Any CPU.Build.0 = Debug|Any CPU
		{A9B5B159-91FB-40A9-B055-7A834C3FC25B}.Ad-Hoc|Any CPU.Deploy.0 = Debug|Any CPU
		{A9B5B159-91FB-40A9-B055-7A834C3FC25B}.Ad-Hoc|iPhone.ActiveCfg = Debug|Any CPU
		{A9B5B159-91FB-40A9-B055-7A834C3FC25B}.Ad-Hoc|iPhone.Build.0 = Debug|Any CPU
		{A9B5B159-91FB-40A9-B055-7A834C3FC25B}.Ad-Hoc|iPhone.Deploy.0 = Debug|Any CPU
		{A9B5B159-91FB-40A9-B055-7A834C3FC25B}.Ad-Hoc|iPhoneSimulator.ActiveCfg = Debug|Any CPU
		{A9B5B159-91FB-40A9-B055-7A834C3FC25B}.Ad-Hoc|iPhoneSimulator.Build.0 = Debug|Any CPU
		{A9B5B159-91FB-40A9-B055-7A834C3FC25B}.Ad-Hoc|iPhoneSimulator.Deploy.0 = Debug|Any CPU
		{A9B5B159-91FB-40A9-B055-7A834C3FC25B}.AppStore|Any CPU.ActiveCfg = Debug|Any CPU
		{A9B5B159-91FB-40A9-B055-7A834C3FC25B}.AppStore|Any CPU.Build.0 = Debug|Any CPU
		{A9B5B159-91FB-40A9-B055-7A834C3FC25B}.AppStore|Any CPU.Deploy.0 = Debug|Any CPU
		{A9B5B159-91FB-40A9-B055-7A834C3FC25B}.AppStore|iPhone.ActiveCfg = Debug|Any CPU
		{A9B5B159-91FB-40A9-B055-7A834C3FC25B}.AppStore|iPhone.Build.0 = Debug|Any CPU
		{A9B5B159-91FB-40A9-B055-7A834C3FC25B}.AppStore|iPhone.Deploy.0 = Debug|Any CPU
		{A9B5B159-91FB-40A9-B055-7A834C3FC25B}.AppStore|iPhoneSimulator.ActiveCfg = Debug|Any CPU
		{A9B5B159-91FB-40A9-B055-7A834C3FC25B}.AppStore|iPhoneSimulator.Build.0 = Debug|Any CPU
		{A9B5B159-91FB-40A9-B055-7A834C3FC25B}.AppStore|iPhoneSimulator.Deploy.0 = Debug|Any CPU
		{A9B5B159-91FB-40A9-B055-7A834C3FC25B}.Debug|Any CPU.ActiveCfg = Debug|Any CPU
		{A9B5B159-91FB-40A9-B055-7A834C3FC25B}.Debug|Any CPU.Build.0 = Debug|Any CPU
		{A9B5B159-91FB-40A9-B055-7A834C3FC25B}.Debug|Any CPU.Deploy.0 = Debug|Any CPU
		{A9B5B159-91FB-40A9-B055-7A834C3FC25B}.Debug|iPhone.ActiveCfg = Debug|Any CPU
		{A9B5B159-91FB-40A9-B055-7A834C3FC25B}.Debug|iPhone.Build.0 = Debug|Any CPU
		{A9B5B159-91FB-40A9-B055-7A834C3FC25B}.Debug|iPhone.Deploy.0 = Debug|Any CPU
		{A9B5B159-91FB-40A9-B055-7A834C3FC25B}.Debug|iPhoneSimulator.ActiveCfg = Debug|Any CPU
		{A9B5B159-91FB-40A9-B055-7A834C3FC25B}.Debug|iPhoneSimulator.Build.0 = Debug|Any CPU
		{A9B5B159-91FB-40A9-B055-7A834C3FC25B}.Debug|iPhoneSimulator.Deploy.0 = Debug|Any CPU
		{A9B5B159-91FB-40A9-B055-7A834C3FC25B}.Release|Any CPU.ActiveCfg = Release|Any CPU
		{A9B5B159-91FB-40A9-B055-7A834C3FC25B}.Release|Any CPU.Build.0 = Release|Any CPU
		{A9B5B159-91FB-40A9-B055-7A834C3FC25B}.Release|Any CPU.Deploy.0 = Release|Any CPU
		{A9B5B159-91FB-40A9-B055-7A834C3FC25B}.Release|iPhone.ActiveCfg = Release|Any CPU
		{A9B5B159-91FB-40A9-B055-7A834C3FC25B}.Release|iPhone.Build.0 = Release|Any CPU
		{A9B5B159-91FB-40A9-B055-7A834C3FC25B}.Release|iPhone.Deploy.0 = Release|Any CPU
		{A9B5B159-91FB-40A9-B055-7A834C3FC25B}.Release|iPhoneSimulator.ActiveCfg = Release|Any CPU
		{A9B5B159-91FB-40A9-B055-7A834C3FC25B}.Release|iPhoneSimulator.Build.0 = Release|Any CPU
		{A9B5B159-91FB-40A9-B055-7A834C3FC25B}.Release|iPhoneSimulator.Deploy.0 = Release|Any CPU
		{A50E0573-BB70-464B-A7D2-83F8EFD44430}.Ad-Hoc|Any CPU.ActiveCfg = Debug|Any CPU
		{A50E0573-BB70-464B-A7D2-83F8EFD44430}.Ad-Hoc|Any CPU.Build.0 = Debug|Any CPU
		{A50E0573-BB70-464B-A7D2-83F8EFD44430}.Ad-Hoc|iPhone.ActiveCfg = Debug|Any CPU
		{A50E0573-BB70-464B-A7D2-83F8EFD44430}.Ad-Hoc|iPhone.Build.0 = Debug|Any CPU
		{A50E0573-BB70-464B-A7D2-83F8EFD44430}.Ad-Hoc|iPhoneSimulator.ActiveCfg = Debug|Any CPU
		{A50E0573-BB70-464B-A7D2-83F8EFD44430}.Ad-Hoc|iPhoneSimulator.Build.0 = Debug|Any CPU
		{A50E0573-BB70-464B-A7D2-83F8EFD44430}.AppStore|Any CPU.ActiveCfg = Debug|Any CPU
		{A50E0573-BB70-464B-A7D2-83F8EFD44430}.AppStore|Any CPU.Build.0 = Debug|Any CPU
		{A50E0573-BB70-464B-A7D2-83F8EFD44430}.AppStore|iPhone.ActiveCfg = Debug|Any CPU
		{A50E0573-BB70-464B-A7D2-83F8EFD44430}.AppStore|iPhone.Build.0 = Debug|Any CPU
		{A50E0573-BB70-464B-A7D2-83F8EFD44430}.AppStore|iPhoneSimulator.ActiveCfg = Debug|Any CPU
		{A50E0573-BB70-464B-A7D2-83F8EFD44430}.AppStore|iPhoneSimulator.Build.0 = Debug|Any CPU
		{A50E0573-BB70-464B-A7D2-83F8EFD44430}.Debug|Any CPU.ActiveCfg = Debug|Any CPU
		{A50E0573-BB70-464B-A7D2-83F8EFD44430}.Debug|Any CPU.Build.0 = Debug|Any CPU
		{A50E0573-BB70-464B-A7D2-83F8EFD44430}.Debug|iPhone.ActiveCfg = Debug|Any CPU
		{A50E0573-BB70-464B-A7D2-83F8EFD44430}.Debug|iPhone.Build.0 = Debug|Any CPU
		{A50E0573-BB70-464B-A7D2-83F8EFD44430}.Debug|iPhoneSimulator.ActiveCfg = Debug|Any CPU
		{A50E0573-BB70-464B-A7D2-83F8EFD44430}.Debug|iPhoneSimulator.Build.0 = Debug|Any CPU
		{A50E0573-BB70-464B-A7D2-83F8EFD44430}.Release|Any CPU.ActiveCfg = Release|Any CPU
		{A50E0573-BB70-464B-A7D2-83F8EFD44430}.Release|Any CPU.Build.0 = Release|Any CPU
		{A50E0573-BB70-464B-A7D2-83F8EFD44430}.Release|iPhone.ActiveCfg = Release|Any CPU
		{A50E0573-BB70-464B-A7D2-83F8EFD44430}.Release|iPhone.Build.0 = Release|Any CPU
		{A50E0573-BB70-464B-A7D2-83F8EFD44430}.Release|iPhoneSimulator.ActiveCfg = Release|Any CPU
		{A50E0573-BB70-464B-A7D2-83F8EFD44430}.Release|iPhoneSimulator.Build.0 = Release|Any CPU
	EndGlobalSection
	GlobalSection(SolutionProperties) = preSolution
		HideSolutionNode = FALSE
	EndGlobalSection
	GlobalSection(ExtensibilityGlobals) = postSolution
		SolutionGuid = {4608BB22-9B89-47D2-82D7-F9577E4362AE}
	EndGlobalSection
EndGlobal
